// !$*UTF8*$!
{
	archiveVersion = 1;
	classes = {
	};
	objectVersion = 56;
	objects = {

/* Begin PBXBuildFile section */
		090CFECC2A426DF4001AA68B /* LugarModel.swift in Sources */ = {isa = PBXBuildFile; fileRef = 090CFECB2A426DF4001AA68B /* LugarModel.swift */; };
		09999C062A3BF99F009B5683 /* BucketList.swift in Sources */ = {isa = PBXBuildFile; fileRef = 09999C052A3BF99F009B5683 /* BucketList.swift */; };
		09999C082A3BF9B3009B5683 /* ContentView.swift in Sources */ = {isa = PBXBuildFile; fileRef = 09999C072A3BF9B3009B5683 /* ContentView.swift */; };
		09999C0A2A3BF9BE009B5683 /* Home.swift in Sources */ = {isa = PBXBuildFile; fileRef = 09999C092A3BF9BE009B5683 /* Home.swift */; };
		09999C0C2A3BF9C8009B5683 /* Lugar.swift in Sources */ = {isa = PBXBuildFile; fileRef = 09999C0B2A3BF9C8009B5683 /* Lugar.swift */; };
		09999C0E2A3BF9D2009B5683 /* MapScreen.swift in Sources */ = {isa = PBXBuildFile; fileRef = 09999C0D2A3BF9D2009B5683 /* MapScreen.swift */; };
		09999C102A3BF9DB009B5683 /* FindMeApp.swift in Sources */ = {isa = PBXBuildFile; fileRef = 09999C0F2A3BF9DB009B5683 /* FindMeApp.swift */; };
		09999C122A3BF9E8009B5683 /* RandomPicker.swift in Sources */ = {isa = PBXBuildFile; fileRef = 09999C112A3BF9E8009B5683 /* RandomPicker.swift */; };
		09999C142A3BF9EE009B5683 /* Roteiros.swift in Sources */ = {isa = PBXBuildFile; fileRef = 09999C132A3BF9EE009B5683 /* Roteiros.swift */; };
		09999C182A3BFC75009B5683 /* Cores.swift in Sources */ = {isa = PBXBuildFile; fileRef = 09999C172A3BFC75009B5683 /* Cores.swift */; };
		09B302222A37AA5200C8D571 /* Assets.xcassets in Resources */ = {isa = PBXBuildFile; fileRef = 09B302212A37AA5200C8D571 /* Assets.xcassets */; };
		09B302252A37AA5200C8D571 /* Preview Assets.xcassets in Resources */ = {isa = PBXBuildFile; fileRef = 09B302242A37AA5200C8D571 /* Preview Assets.xcassets */; };
/* End PBXBuildFile section */

/* Begin PBXFileReference section */
		090CFECB2A426DF4001AA68B /* LugarModel.swift */ = {isa = PBXFileReference; lastKnownFileType = sourcecode.swift; path = LugarModel.swift; sourceTree = "<group>"; };
		09999C052A3BF99F009B5683 /* BucketList.swift */ = {isa = PBXFileReference; lastKnownFileType = sourcecode.swift; path = BucketList.swift; sourceTree = "<group>"; };
		09999C072A3BF9B3009B5683 /* ContentView.swift */ = {isa = PBXFileReference; lastKnownFileType = sourcecode.swift; path = ContentView.swift; sourceTree = "<group>"; };
		09999C092A3BF9BE009B5683 /* Home.swift */ = {isa = PBXFileReference; lastKnownFileType = sourcecode.swift; path = Home.swift; sourceTree = "<group>"; };
		09999C0B2A3BF9C8009B5683 /* Lugar.swift */ = {isa = PBXFileReference; lastKnownFileType = sourcecode.swift; path = Lugar.swift; sourceTree = "<group>"; };
		09999C0D2A3BF9D2009B5683 /* MapScreen.swift */ = {isa = PBXFileReference; lastKnownFileType = sourcecode.swift; path = MapScreen.swift; sourceTree = "<group>"; };
		09999C0F2A3BF9DB009B5683 /* FindMeApp.swift */ = {isa = PBXFileReference; lastKnownFileType = sourcecode.swift; path = FindMeApp.swift; sourceTree = "<group>"; };
		09999C112A3BF9E8009B5683 /* RandomPicker.swift */ = {isa = PBXFileReference; lastKnownFileType = sourcecode.swift; path = RandomPicker.swift; sourceTree = "<group>"; };
		09999C132A3BF9EE009B5683 /* Roteiros.swift */ = {isa = PBXFileReference; lastKnownFileType = sourcecode.swift; path = Roteiros.swift; sourceTree = "<group>"; };
		09999C172A3BFC75009B5683 /* Cores.swift */ = {isa = PBXFileReference; lastKnownFileType = sourcecode.swift; path = Cores.swift; sourceTree = "<group>"; };
		09B3021A2A37AA5100C8D571 /* FindMe.app */ = {isa = PBXFileReference; explicitFileType = wrapper.application; includeInIndex = 0; path = FindMe.app; sourceTree = BUILT_PRODUCTS_DIR; };
		09B302212A37AA5200C8D571 /* Assets.xcassets */ = {isa = PBXFileReference; lastKnownFileType = folder.assetcatalog; path = Assets.xcassets; sourceTree = "<group>"; };
		09B302242A37AA5200C8D571 /* Preview Assets.xcassets */ = {isa = PBXFileReference; lastKnownFileType = folder.assetcatalog; path = "Preview Assets.xcassets"; sourceTree = "<group>"; };
/* End PBXFileReference section */

/* Begin PBXFrameworksBuildPhase section */
		09B302172A37AA5100C8D571 /* Frameworks */ = {
			isa = PBXFrameworksBuildPhase;
			buildActionMask = 2147483647;
			files = (
			);
			runOnlyForDeploymentPostprocessing = 0;
		};
/* End PBXFrameworksBuildPhase section */

/* Begin PBXGroup section */
		090CFEC82A4232E7001AA68B /* Entities */ = {
			isa = PBXGroup;
			children = (
				09999C172A3BFC75009B5683 /* Cores.swift */,
				09999C0B2A3BF9C8009B5683 /* Lugar.swift */,
			);
			path = Entities;
			sourceTree = "<group>";
		};
		094867FD2A4608010012027E /* Models */ = {
			isa = PBXGroup;
			children = (
				090CFECB2A426DF4001AA68B /* LugarModel.swift */,
			);
			path = Models;
			sourceTree = "<group>";
		};
		09B302112A37AA5100C8D571 = {
			isa = PBXGroup;
			children = (
				09B3021C2A37AA5100C8D571 /* FindMe */,
				09B3021B2A37AA5100C8D571 /* Products */,
			);
			sourceTree = "<group>";
		};
		09B3021B2A37AA5100C8D571 /* Products */ = {
			isa = PBXGroup;
			children = (
				09B3021A2A37AA5100C8D571 /* FindMe.app */,
			);
			name = Products;
			sourceTree = "<group>";
		};
		09B3021C2A37AA5100C8D571 /* FindMe */ = {
			isa = PBXGroup;
			children = (
				094867FD2A4608010012027E /* Models */,
				090CFEC82A4232E7001AA68B /* Entities */,
				09999C052A3BF99F009B5683 /* BucketList.swift */,
				09999C092A3BF9BE009B5683 /* Home.swift */,
				09999C0D2A3BF9D2009B5683 /* MapScreen.swift */,
				09999C0F2A3BF9DB009B5683 /* FindMeApp.swift */,
				09999C112A3BF9E8009B5683 /* RandomPicker.swift */,
				09999C132A3BF9EE009B5683 /* Roteiros.swift */,
				09999C072A3BF9B3009B5683 /* ContentView.swift */,
				09B302212A37AA5200C8D571 /* Assets.xcassets */,
				09B302232A37AA5200C8D571 /* Preview Content */,
			);
			path = FindMe;
			sourceTree = "<group>";
		};
		09B302232A37AA5200C8D571 /* Preview Content */ = {
			isa = PBXGroup;
			children = (
				09B302242A37AA5200C8D571 /* Preview Assets.xcassets */,
			);
			path = "Preview Content";
			sourceTree = "<group>";
		};
/* End PBXGroup section */

/* Begin PBXNativeTarget section */
		09B302192A37AA5100C8D571 /* FindMe */ = {
			isa = PBXNativeTarget;
			buildConfigurationList = 09B302282A37AA5200C8D571 /* Build configuration list for PBXNativeTarget "FindMe" */;
			buildPhases = (
				09B302162A37AA5100C8D571 /* Sources */,
				09B302172A37AA5100C8D571 /* Frameworks */,
				09B302182A37AA5100C8D571 /* Resources */,
			);
			buildRules = (
			);
			dependencies = (
			);
			name = FindMe;
			productName = FindMe;
			productReference = 09B3021A2A37AA5100C8D571 /* FindMe.app */;
			productType = "com.apple.product-type.application";
		};
/* End PBXNativeTarget section */

/* Begin PBXProject section */
		09B302122A37AA5100C8D571 /* Project object */ = {
			isa = PBXProject;
			attributes = {
				BuildIndependentTargetsInParallel = 1;
				LastSwiftUpdateCheck = 1430;
				LastUpgradeCheck = 1430;
				TargetAttributes = {
					09B302192A37AA5100C8D571 = {
						CreatedOnToolsVersion = 14.3.1;
						LastSwiftMigration = 1430;
					};
				};
			};
			buildConfigurationList = 09B302152A37AA5100C8D571 /* Build configuration list for PBXProject "FindMe" */;
			compatibilityVersion = "Xcode 14.0";
			developmentRegion = en;
			hasScannedForEncodings = 0;
			knownRegions = (
				en,
				Base,
			);
			mainGroup = 09B302112A37AA5100C8D571;
			productRefGroup = 09B3021B2A37AA5100C8D571 /* Products */;
			projectDirPath = "";
			projectRoot = "";
			targets = (
				09B302192A37AA5100C8D571 /* FindMe */,
			);
		};
/* End PBXProject section */

/* Begin PBXResourcesBuildPhase section */
		09B302182A37AA5100C8D571 /* Resources */ = {
			isa = PBXResourcesBuildPhase;
			buildActionMask = 2147483647;
			files = (
				09B302252A37AA5200C8D571 /* Preview Assets.xcassets in Resources */,
				09B302222A37AA5200C8D571 /* Assets.xcassets in Resources */,
			);
			runOnlyForDeploymentPostprocessing = 0;
		};
/* End PBXResourcesBuildPhase section */

/* Begin PBXSourcesBuildPhase section */
		09B302162A37AA5100C8D571 /* Sources */ = {
			isa = PBXSourcesBuildPhase;
			buildActionMask = 2147483647;
			files = (
				09999C142A3BF9EE009B5683 /* Roteiros.swift in Sources */,
				09999C102A3BF9DB009B5683 /* FindMeApp.swift in Sources */,
				09999C082A3BF9B3009B5683 /* ContentView.swift in Sources */,
				09999C0C2A3BF9C8009B5683 /* Lugar.swift in Sources */,
				09999C182A3BFC75009B5683 /* Cores.swift in Sources */,
				09999C0A2A3BF9BE009B5683 /* Home.swift in Sources */,
				09999C062A3BF99F009B5683 /* BucketList.swift in Sources */,
				09999C122A3BF9E8009B5683 /* RandomPicker.swift in Sources */,
				090CFECC2A426DF4001AA68B /* LugarModel.swift in Sources */,
				09999C0E2A3BF9D2009B5683 /* MapScreen.swift in Sources */,
			);
			runOnlyForDeploymentPostprocessing = 0;
		};
/* End PBXSourcesBuildPhase section */

/* Begin XCBuildConfiguration section */
		09B302262A37AA5200C8D571 /* Debug */ = {
			isa = XCBuildConfiguration;
			buildSettings = {
				ALWAYS_SEARCH_USER_PATHS = NO;
				CLANG_ANALYZER_NONNULL = YES;
				CLANG_ANALYZER_NUMBER_OBJECT_CONVERSION = YES_AGGRESSIVE;
				CLANG_CXX_LANGUAGE_STANDARD = "gnu++20";
				CLANG_ENABLE_MODULES = YES;
				CLANG_ENABLE_OBJC_ARC = YES;
				CLANG_ENABLE_OBJC_WEAK = YES;
				CLANG_WARN_BLOCK_CAPTURE_AUTORELEASING = YES;
				CLANG_WARN_BOOL_CONVERSION = YES;
				CLANG_WARN_COMMA = YES;
				CLANG_WARN_CONSTANT_CONVERSION = YES;
				CLANG_WARN_DEPRECATED_OBJC_IMPLEMENTATIONS = YES;
				CLANG_WARN_DIRECT_OBJC_ISA_USAGE = YES_ERROR;
				CLANG_WARN_DOCUMENTATION_COMMENTS = YES;
				CLANG_WARN_EMPTY_BODY = YES;
				CLANG_WARN_ENUM_CONVERSION = YES;
				CLANG_WARN_INFINITE_RECURSION = YES;
				CLANG_WARN_INT_CONVERSION = YES;
				CLANG_WARN_NON_LITERAL_NULL_CONVERSION = YES;
				CLANG_WARN_OBJC_IMPLICIT_RETAIN_SELF = YES;
				CLANG_WARN_OBJC_LITERAL_CONVERSION = YES;
				CLANG_WARN_OBJC_ROOT_CLASS = YES_ERROR;
				CLANG_WARN_QUOTED_INCLUDE_IN_FRAMEWORK_HEADER = YES;
				CLANG_WARN_RANGE_LOOP_ANALYSIS = YES;
				CLANG_WARN_STRICT_PROTOTYPES = YES;
				CLANG_WARN_SUSPICIOUS_MOVE = YES;
				CLANG_WARN_UNGUARDED_AVAILABILITY = YES_AGGRESSIVE;
				CLANG_WARN_UNREACHABLE_CODE = YES;
				CLANG_WARN__DUPLICATE_METHOD_MATCH = YES;
				COPY_PHASE_STRIP = NO;
				DEBUG_INFORMATION_FORMAT = dwarf;
				ENABLE_STRICT_OBJC_MSGSEND = YES;
				ENABLE_TESTABILITY = YES;
				GCC_C_LANGUAGE_STANDARD = gnu11;
				GCC_DYNAMIC_NO_PIC = NO;
				GCC_NO_COMMON_BLOCKS = YES;
				GCC_OPTIMIZATION_LEVEL = 0;
				GCC_PREPROCESSOR_DEFINITIONS = (
					"DEBUG=1",
					"$(inherited)",
				);
				GCC_WARN_64_TO_32_BIT_CONVERSION = YES;
				GCC_WARN_ABOUT_RETURN_TYPE = YES_ERROR;
				GCC_WARN_UNDECLARED_SELECTOR = YES;
				GCC_WARN_UNINITIALIZED_AUTOS = YES_AGGRESSIVE;
				GCC_WARN_UNUSED_FUNCTION = YES;
				GCC_WARN_UNUSED_VARIABLE = YES;
				IPHONEOS_DEPLOYMENT_TARGET = 16.4;
				MTL_ENABLE_DEBUG_INFO = INCLUDE_SOURCE;
				MTL_FAST_MATH = YES;
				ONLY_ACTIVE_ARCH = YES;
				SDKROOT = iphoneos;
				SWIFT_ACTIVE_COMPILATION_CONDITIONS = DEBUG;
				SWIFT_OPTIMIZATION_LEVEL = "-Onone";
			};
			name = Debug;
		};
		09B302272A37AA5200C8D571 /* Release */ = {
			isa = XCBuildConfiguration;
			buildSettings = {
				ALWAYS_SEARCH_USER_PATHS = NO;
				CLANG_ANALYZER_NONNULL = YES;
				CLANG_ANALYZER_NUMBER_OBJECT_CONVERSION = YES_AGGRESSIVE;
				CLANG_CXX_LANGUAGE_STANDARD = "gnu++20";
				CLANG_ENABLE_MODULES = YES;
				CLANG_ENABLE_OBJC_ARC = YES;
				CLANG_ENABLE_OBJC_WEAK = YES;
				CLANG_WARN_BLOCK_CAPTURE_AUTORELEASING = YES;
				CLANG_WARN_BOOL_CONVERSION = YES;
				CLANG_WARN_COMMA = YES;
				CLANG_WARN_CONSTANT_CONVERSION = YES;
				CLANG_WARN_DEPRECATED_OBJC_IMPLEMENTATIONS = YES;
				CLANG_WARN_DIRECT_OBJC_ISA_USAGE = YES_ERROR;
				CLANG_WARN_DOCUMENTATION_COMMENTS = YES;
				CLANG_WARN_EMPTY_BODY = YES;
				CLANG_WARN_ENUM_CONVERSION = YES;
				CLANG_WARN_INFINITE_RECURSION = YES;
				CLANG_WARN_INT_CONVERSION = YES;
				CLANG_WARN_NON_LITERAL_NULL_CONVERSION = YES;
				CLANG_WARN_OBJC_IMPLICIT_RETAIN_SELF = YES;
				CLANG_WARN_OBJC_LITERAL_CONVERSION = YES;
				CLANG_WARN_OBJC_ROOT_CLASS = YES_ERROR;
				CLANG_WARN_QUOTED_INCLUDE_IN_FRAMEWORK_HEADER = YES;
				CLANG_WARN_RANGE_LOOP_ANALYSIS = YES;
				CLANG_WARN_STRICT_PROTOTYPES = YES;
				CLANG_WARN_SUSPICIOUS_MOVE = YES;
				CLANG_WARN_UNGUARDED_AVAILABILITY = YES_AGGRESSIVE;
				CLANG_WARN_UNREACHABLE_CODE = YES;
				CLANG_WARN__DUPLICATE_METHOD_MATCH = YES;
				COPY_PHASE_STRIP = NO;
				DEBUG_INFORMATION_FORMAT = "dwarf-with-dsym";
				ENABLE_NS_ASSERTIONS = NO;
				ENABLE_STRICT_OBJC_MSGSEND = YES;
				GCC_C_LANGUAGE_STANDARD = gnu11;
				GCC_NO_COMMON_BLOCKS = YES;
				GCC_WARN_64_TO_32_BIT_CONVERSION = YES;
				GCC_WARN_ABOUT_RETURN_TYPE = YES_ERROR;
				GCC_WARN_UNDECLARED_SELECTOR = YES;
				GCC_WARN_UNINITIALIZED_AUTOS = YES_AGGRESSIVE;
				GCC_WARN_UNUSED_FUNCTION = YES;
				GCC_WARN_UNUSED_VARIABLE = YES;
				IPHONEOS_DEPLOYMENT_TARGET = 16.4;
				MTL_ENABLE_DEBUG_INFO = NO;
				MTL_FAST_MATH = YES;
				SDKROOT = iphoneos;
				SWIFT_COMPILATION_MODE = wholemodule;
				SWIFT_OPTIMIZATION_LEVEL = "-O";
				VALIDATE_PRODUCT = YES;
			};
			name = Release;
		};
		09B302292A37AA5200C8D571 /* Debug */ = {
			isa = XCBuildConfiguration;
			buildSettings = {
				ASSETCATALOG_COMPILER_APPICON_NAME = AppIcon;
				ASSETCATALOG_COMPILER_GLOBAL_ACCENT_COLOR_NAME = AccentColor;
				CLANG_ENABLE_MODULES = YES;
				CODE_SIGN_STYLE = Automatic;
				CURRENT_PROJECT_VERSION = 1;
				DEVELOPMENT_ASSET_PATHS = "\"FindMe/Preview Content\"";
				DEVELOPMENT_TEAM = TQ87ZCU6H5;
				ENABLE_PREVIEWS = YES;
				GENERATE_INFOPLIST_FILE = YES;
				INFOPLIST_KEY_UIApplicationSceneManifest_Generation = YES;
				INFOPLIST_KEY_UIApplicationSupportsIndirectInputEvents = YES;
				INFOPLIST_KEY_UILaunchScreen_Generation = YES;
				INFOPLIST_KEY_UISupportedInterfaceOrientations_iPad = "UIInterfaceOrientationPortrait UIInterfaceOrientationPortraitUpsideDown UIInterfaceOrientationLandscapeLeft UIInterfaceOrientationLandscapeRight";
				INFOPLIST_KEY_UISupportedInterfaceOrientations_iPhone = "UIInterfaceOrientationPortrait UIInterfaceOrientationLandscapeLeft UIInterfaceOrientationLandscapeRight";
				LD_RUNPATH_SEARCH_PATHS = (
					"$(inherited)",
					"@executable_path/Frameworks",
				);
				MARKETING_VERSION = 1.0;
				PRODUCT_BUNDLE_IDENTIFIER = com.baggiotto.academy.FindMe;
				PRODUCT_NAME = "$(TARGET_NAME)";
				SWIFT_EMIT_LOC_STRINGS = YES;
				SWIFT_OPTIMIZATION_LEVEL = "-Onone";
				SWIFT_VERSION = 5.0;
				TARGETED_DEVICE_FAMILY = "1,2";
			};
			name = Debug;
		};
		09B3022A2A37AA5200C8D571 /* Release */ = {
			isa = XCBuildConfiguration;
			buildSettings = {
				ASSETCATALOG_COMPILER_APPICON_NAME = AppIcon;
				ASSETCATALOG_COMPILER_GLOBAL_ACCENT_COLOR_NAME = AccentColor;
				CLANG_ENABLE_MODULES = YES;
				CODE_SIGN_STYLE = Automatic;
				CURRENT_PROJECT_VERSION = 1;
				DEVELOPMENT_ASSET_PATHS = "\"FindMe/Preview Content\"";
				DEVELOPMENT_TEAM = TQ87ZCU6H5;
				ENABLE_PREVIEWS = YES;
				GENERATE_INFOPLIST_FILE = YES;
				INFOPLIST_KEY_UIApplicationSceneManifest_Generation = YES;
				INFOPLIST_KEY_UIApplicationSupportsIndirectInputEvents = YES;
				INFOPLIST_KEY_UILaunchScreen_Generation = YES;
				INFOPLIST_KEY_UISupportedInterfaceOrientations_iPad = "UIInterfaceOrientationPortrait UIInterfaceOrientationPortraitUpsideDown UIInterfaceOrientationLandscapeLeft UIInterfaceOrientationLandscapeRight";
				INFOPLIST_KEY_UISupportedInterfaceOrientations_iPhone = "UIInterfaceOrientationPortrait UIInterfaceOrientationLandscapeLeft UIInterfaceOrientationLandscapeRight";
				LD_RUNPATH_SEARCH_PATHS = (
					"$(inherited)",
					"@executable_path/Frameworks",
				);
				MARKETING_VERSION = 1.0;
				PRODUCT_BUNDLE_IDENTIFIER = com.baggiotto.academy.FindMe;
				PRODUCT_NAME = "$(TARGET_NAME)";
				SWIFT_EMIT_LOC_STRINGS = YES;
				SWIFT_VERSION = 5.0;
				TARGETED_DEVICE_FAMILY = "1,2";
			};
			name = Release;
		};
/* End XCBuildConfiguration section */

/* Begin XCConfigurationList section */
		09B302152A37AA5100C8D571 /* Build configuration list for PBXProject "FindMe" */ = {
			isa = XCConfigurationList;
			buildConfigurations = (
				09B302262A37AA5200C8D571 /* Debug */,
				09B302272A37AA5200C8D571 /* Release */,
			);
			defaultConfigurationIsVisible = 0;
			defaultConfigurationName = Release;
		};
		09B302282A37AA5200C8D571 /* Build configuration list for PBXNativeTarget "FindMe" */ = {
			isa = XCConfigurationList;
			buildConfigurations = (
				09B302292A37AA5200C8D571 /* Debug */,
				09B3022A2A37AA5200C8D571 /* Release */,
			);
			defaultConfigurationIsVisible = 0;
			defaultConfigurationName = Release;
		};
/* End XCConfigurationList section */
	};
	rootObject = 09B302122A37AA5100C8D571 /* Project object */;
}
